{
  "version": 4,
  "terraform_version": "1.11.3",
  "serial": 4,
  "lineage": "daa215b6-5867-61fd-e3da-acbb086ab55f",
  "outputs": {
    "app_service_plan_name": {
      "value": "python-webapp-plan",
      "type": "string"
    },
    "app_service_plan_sku": {
      "value": "B1",
      "type": "string"
    },
    "resource_group_name": {
      "value": "python-webapp-rg",
      "type": "string"
    },
    "web_app_name": {
      "value": "python-webapp-demo",
      "type": "string"
    },
    "web_app_url": {
      "value": "python-webapp-demo.azurewebsites.net",
      "type": "string"
    }
  },
  "resources": [
    {
      "mode": "managed",
      "type": "azurerm_app_service_plan",
      "name": "asp",
      "provider": "provider[\"registry.terraform.io/hashicorp/azurerm\"]",
      "instances": [
        {
          "schema_version": 1,
          "attributes": {
            "app_service_environment_id": "",
            "id": "/subscriptions/a98d0e19-0c0e-4a5b-91ac-c6923c6331bc/resourceGroups/python-webapp-rg/providers/Microsoft.Web/serverFarms/python-webapp-plan",
            "is_xenon": false,
            "kind": "linux",
            "location": "eastus",
            "maximum_elastic_worker_count": 1,
            "maximum_number_of_workers": 3,
            "name": "python-webapp-plan",
            "per_site_scaling": false,
            "reserved": true,
            "resource_group_name": "python-webapp-rg",
            "sku": [
              {
                "capacity": 1,
                "size": "B1",
                "tier": "Basic"
              }
            ],
            "tags": null,
            "timeouts": null,
            "zone_redundant": false
          },
          "sensitive_attributes": [],
          "private": "eyJlMmJmYjczMC1lY2FhLTExZTYtOGY4OC0zNDM2M2JjN2M0YzAiOnsiY3JlYXRlIjozNjAwMDAwMDAwMDAwLCJkZWxldGUiOjM2MDAwMDAwMDAwMDAsInJlYWQiOjMwMDAwMDAwMDAwMCwidXBkYXRlIjozNjAwMDAwMDAwMDAwfSwic2NoZW1hX3ZlcnNpb24iOiIxIn0=",
          "dependencies": [
            "azurerm_resource_group.rg"
          ]
        }
      ]
    },
    {
      "mode": "managed",
      "type": "azurerm_linux_web_app",
      "name": "webapp",
      "provider": "provider[\"registry.terraform.io/hashicorp/azurerm\"]",
      "instances": [
        {
          "schema_version": 1,
          "attributes": {
            "app_settings": {
              "APP_ENV": "Production",
              "PORT": "8000",
              "WEBSITES_ENABLE_APP_SERVICE_STORAGE": "false"
            },
            "auth_settings": [],
            "auth_settings_v2": [],
            "backup": [],
            "client_affinity_enabled": false,
            "client_certificate_enabled": false,
            "client_certificate_exclusion_paths": "",
            "client_certificate_mode": "Required",
            "connection_string": [],
            "custom_domain_verification_id": "091EE843C82F065F44D137FC2E7E54EEC9FADA00607A3A55B1592FEF34F09442",
            "default_hostname": "python-webapp-demo.azurewebsites.net",
            "enabled": true,
            "ftp_publish_basic_authentication_enabled": true,
            "hosting_environment_id": "",
            "https_only": false,
            "id": "/subscriptions/a98d0e19-0c0e-4a5b-91ac-c6923c6331bc/resourceGroups/python-webapp-rg/providers/Microsoft.Web/sites/python-webapp-demo",
            "identity": [],
            "key_vault_reference_identity_id": "SystemAssigned",
            "kind": "app,linux",
            "location": "eastus",
            "logs": [],
            "name": "python-webapp-demo",
            "outbound_ip_address_list": [
              "52.151.208.5",
              "52.151.208.29",
              "52.151.208.49",
              "52.151.208.74",
              "52.151.208.76",
              "52.151.208.108",
              "20.49.104.19"
            ],
            "outbound_ip_addresses": "52.151.208.5,52.151.208.29,52.151.208.49,52.151.208.74,52.151.208.76,52.151.208.108,20.49.104.19",
            "possible_outbound_ip_address_list": [
              "52.151.208.5",
              "52.151.208.29",
              "52.151.208.49",
              "52.151.208.74",
              "52.151.208.76",
              "52.151.208.108",
              "52.151.208.127",
              "52.151.208.144",
              "52.151.208.152",
              "52.151.208.154",
              "52.151.208.217",
              "52.151.209.28",
              "52.146.71.136",
              "52.151.209.37",
              "52.151.209.38",
              "52.151.209.74",
              "52.151.209.91",
              "52.151.209.97",
              "52.150.53.90",
              "52.150.53.103",
              "52.150.53.113",
              "52.150.53.182",
              "52.150.54.84",
              "52.142.22.235",
              "20.49.104.19"
            ],
            "possible_outbound_ip_addresses": "52.151.208.5,52.151.208.29,52.151.208.49,52.151.208.74,52.151.208.76,52.151.208.108,52.151.208.127,52.151.208.144,52.151.208.152,52.151.208.154,52.151.208.217,52.151.209.28,52.146.71.136,52.151.209.37,52.151.209.38,52.151.209.74,52.151.209.91,52.151.209.97,52.150.53.90,52.150.53.103,52.150.53.113,52.150.53.182,52.150.54.84,52.142.22.235,20.49.104.19",
            "public_network_access_enabled": true,
            "resource_group_name": "python-webapp-rg",
            "service_plan_id": "/subscriptions/a98d0e19-0c0e-4a5b-91ac-c6923c6331bc/resourceGroups/python-webapp-rg/providers/Microsoft.Web/serverFarms/python-webapp-plan",
            "site_config": [
              {
                "always_on": true,
                "api_definition_url": "",
                "api_management_api_id": "",
                "app_command_line": "",
                "application_stack": [
                  {
                    "docker_image_name": "",
                    "docker_registry_password": "",
                    "docker_registry_url": "",
                    "docker_registry_username": "",
                    "dotnet_version": "",
                    "go_version": "",
                    "java_server": "",
                    "java_server_version": "",
                    "java_version": "",
                    "node_version": "",
                    "php_version": "",
                    "python_version": "3.10",
                    "ruby_version": ""
                  }
                ],
                "auto_heal_setting": [],
                "container_registry_managed_identity_client_id": "",
                "container_registry_use_managed_identity": false,
                "cors": [],
                "default_documents": [
                  "Default.htm",
                  "Default.html",
                  "Default.asp",
                  "index.htm",
                  "index.html",
                  "iisstart.htm",
                  "default.aspx",
                  "index.php",
                  "hostingstart.html"
                ],
                "detailed_error_logging_enabled": false,
                "ftps_state": "Disabled",
                "health_check_eviction_time_in_min": 0,
                "health_check_path": "",
                "http2_enabled": false,
                "ip_restriction": [],
                "ip_restriction_default_action": "Allow",
                "linux_fx_version": "PYTHON|3.10",
                "load_balancing_mode": "LeastRequests",
                "local_mysql_enabled": false,
                "managed_pipeline_mode": "Integrated",
                "minimum_tls_version": "1.2",
                "remote_debugging_enabled": false,
                "remote_debugging_version": "VS2022",
                "scm_ip_restriction": [],
                "scm_ip_restriction_default_action": "Allow",
                "scm_minimum_tls_version": "1.2",
                "scm_type": "None",
                "scm_use_main_ip_restriction": false,
                "use_32_bit_worker": true,
                "vnet_route_all_enabled": false,
                "websockets_enabled": false,
                "worker_count": 1
              }
            ],
            "site_credential": [
              {
                "name": "$python-webapp-demo",
                "password": "CxMXrpoj5tNg26pbvDrvtSTCQXPeaaA7SplTjzd8K5v1at9BYRQHrij001Ze"
              }
            ],
            "sticky_settings": [],
            "storage_account": [],
            "tags": null,
            "timeouts": null,
            "virtual_network_backup_restore_enabled": false,
            "virtual_network_subnet_id": "",
            "webdeploy_publish_basic_authentication_enabled": true,
            "zip_deploy_file": ""
          },
          "sensitive_attributes": [
            [
              {
                "type": "get_attr",
                "value": "site_config"
              },
              {
                "type": "index",
                "value": {
                  "value": 0,
                  "type": "number"
                }
              },
              {
                "type": "get_attr",
                "value": "application_stack"
              },
              {
                "type": "index",
                "value": {
                  "value": 0,
                  "type": "number"
                }
              },
              {
                "type": "get_attr",
                "value": "docker_registry_password"
              }
            ],
            [
              {
                "type": "get_attr",
                "value": "site_credential"
              }
            ],
            [
              {
                "type": "get_attr",
                "value": "custom_domain_verification_id"
              }
            ]
          ],
          "private": "eyJlMmJmYjczMC1lY2FhLTExZTYtOGY4OC0zNDM2M2JjN2M0YzAiOnsiY3JlYXRlIjoxODAwMDAwMDAwMDAwLCJkZWxldGUiOjE4MDAwMDAwMDAwMDAsInJlYWQiOjMwMDAwMDAwMDAwMCwidXBkYXRlIjoxODAwMDAwMDAwMDAwfSwic2NoZW1hX3ZlcnNpb24iOiIxIn0=",
          "dependencies": [
            "azurerm_app_service_plan.asp",
            "azurerm_resource_group.rg"
          ]
        }
      ]
    },
    {
      "mode": "managed",
      "type": "azurerm_resource_group",
      "name": "rg",
      "provider": "provider[\"registry.terraform.io/hashicorp/azurerm\"]",
      "instances": [
        {
          "schema_version": 0,
          "attributes": {
            "id": "/subscriptions/a98d0e19-0c0e-4a5b-91ac-c6923c6331bc/resourceGroups/python-webapp-rg",
            "location": "eastus",
            "managed_by": "",
            "name": "python-webapp-rg",
            "tags": null,
            "timeouts": null
          },
          "sensitive_attributes": [],
          "private": "eyJlMmJmYjczMC1lY2FhLTExZTYtOGY4OC0zNDM2M2JjN2M0YzAiOnsiY3JlYXRlIjo1NDAwMDAwMDAwMDAwLCJkZWxldGUiOjU0MDAwMDAwMDAwMDAsInJlYWQiOjMwMDAwMDAwMDAwMCwidXBkYXRlIjo1NDAwMDAwMDAwMDAwfX0="
        }
      ]
    }
  ],
  "check_results": null
}
